
Microsoft Visual Studio Solution File, Format Version 12.00
Project("{FAE04EC0-301F-11D3-BF4B-00C04F79EFBC}") = "Networking", "Networking\Networking.csproj", "{B6166C85-C774-4044-9B8F-16CDE7391A19}"
EndProject
Project("{FAE04EC0-301F-11D3-BF4B-00C04F79EFBC}") = "Tests", "Tests\Tests.csproj", "{580326D9-3ED7-4008-A737-55D13CE98EAC}"
EndProject
Global
	GlobalSection(SolutionConfigurationPlatforms) = preSolution
		Debug|Any CPU = Debug|Any CPU
		Release|Any CPU = Release|Any CPU
	EndGlobalSection
	GlobalSection(ProjectConfigurationPlatforms) = postSolution
		{B6166C85-C774-4044-9B8F-16CDE7391A19}.Debug|Any CPU.ActiveCfg = Debug|Any CPU
		{B6166C85-C774-4044-9B8F-16CDE7391A19}.Debug|Any CPU.Build.0 = Debug|Any CPU
		{B6166C85-C774-4044-9B8F-16CDE7391A19}.Release|Any CPU.ActiveCfg = Release|Any CPU
		{B6166C85-C774-4044-9B8F-16CDE7391A19}.Release|Any CPU.Build.0 = Release|Any CPU
		{580326D9-3ED7-4008-A737-55D13CE98EAC}.Debug|Any CPU.ActiveCfg = Debug|Any CPU
		{580326D9-3ED7-4008-A737-55D13CE98EAC}.Debug|Any CPU.Build.0 = Debug|Any CPU
		{580326D9-3ED7-4008-A737-55D13CE98EAC}.Release|Any CPU.ActiveCfg = Release|Any CPU
		{580326D9-3ED7-4008-A737-55D13CE98EAC}.Release|Any CPU.Build.0 = Release|Any CPU
	EndGlobalSection
	GlobalSection(NestedProjects) = preSolution
	EndGlobalSection
EndGlobal
